
Microsoft Visual Studio Solution File, Format Version 12.00
# Visual Studio Version 17
VisualStudioVersion = 17.14.36429.23 d17.14
MinimumVisualStudioVersion = 10.0.40219.1
Project("{FAE04EC0-301F-11D3-BF4B-00C04F79EFBC}") = "AspNetCore_Authentication", "AspNetCore_Authentication\AspNetCore_Authentication.csproj", "{0021027B-4C32-4FA1-9264-32820F00D708}"
EndProject
Global
	GlobalSection(SolutionConfigurationPlatforms) = preSolution
		Debug|Any CPU = Debug|Any CPU
		Release|Any CPU = Release|Any CPU
	EndGlobalSection
	GlobalSection(ProjectConfigurationPlatforms) = postSolution
		{0021027B-4C32-4FA1-9264-32820F00D708}.Debug|Any CPU.ActiveCfg = Debug|Any CPU
		{0021027B-4C32-4FA1-9264-32820F00D708}.Debug|Any CPU.Build.0 = Debug|Any CPU
		{0021027B-4C32-4FA1-9264-32820F00D708}.Release|Any CPU.ActiveCfg = Release|Any CPU
		{0021027B-4C32-4FA1-9264-32820F00D708}.Release|Any CPU.Build.0 = Release|Any CPU
	EndGlobalSection
	GlobalSection(SolutionProperties) = preSolution
		HideSolutionNode = FALSE
	EndGlobalSection
	GlobalSection(ExtensibilityGlobals) = postSolution
		SolutionGuid = {4D3292F2-152E-4D64-ABFF-3D9BD7F21CDB}
	EndGlobalSection
EndGlobal
